%{"benchfella": {:hex, :benchfella, "0.3.2"},
  "bmark": {:hex, :bmark, "1.0.3"},
  "connection": {:hex, :connection, "1.0.2"},
  "db_connection": {:hex, :db_connection, "0.2.5"},
  "decimal": {:hex, :decimal, "1.1.2"},
  "ecto": {:git, "https://github.com/elixir-lang/ecto.git", "535240fb138bd1b198f3e8cac406e2eae53162a2", [tag: "v2.0.0-rc.5"]},
  "poison": {:hex, :poison, "2.1.0"},
  "poolboy": {:hex, :poolboy, "1.5.1"},
  "postgrex": {:hex, :postgrex, "0.11.1"},
  "remix": {:hex, :remix, "0.0.2"}}
